
Microsoft Visual Studio Solution File, Format Version 12.00
# Visual Studio 15
VisualStudioVersion = 15.0.26124.0
MinimumVisualStudioVersion = 15.0.26124.0
Project("{2150E333-8FDC-42A3-9474-1A3956D46DE8}") = "src", "src", "{3ED62847-FA05-4B3B-BB1D-A592BE4AC0F6}"
EndProject
Project("{FAE04EC0-301F-11D3-BF4B-00C04F79EFBC}") = "Eventshuffle.Api", "src\Api\Eventshuffle.Api.csproj", "{0269D2D8-6170-49E0-B3EF-7C5ECCCE58D9}"
EndProject
Project("{FAE04EC0-301F-11D3-BF4B-00C04F79EFBC}") = "Eventshuffle.Domain", "src\Domain\Eventshuffle.Domain.csproj", "{26521B5C-1472-4C5B-BCAE-864E1F10A28C}"
EndProject
Project("{FAE04EC0-301F-11D3-BF4B-00C04F79EFBC}") = "Eventshuffle.Infrastructure", "src\Infrastructure\Eventshuffle.Infrastructure.csproj", "{8AEA9411-4963-486D-9F15-9E0BF51F2E5C}"
EndProject
Project("{FAE04EC0-301F-11D3-BF4B-00C04F79EFBC}") = "Eventshuffle.Application", "src\Application\Eventshuffle.Application.csproj", "{0F22C176-3061-4C68-AC13-56890233140D}"
EndProject
Project("{FAE04EC0-301F-11D3-BF4B-00C04F79EFBC}") = "Eventshuffle.Domain.UnitTests", "test\Domain.UnitTests\Eventshuffle.Domain.UnitTests.csproj", "{1C50ACDF-BD41-4F6D-87FC-F8BD5BA708B5}"
EndProject
Project("{2150E333-8FDC-42A3-9474-1A3956D46DE8}") = "test", "test", "{19A9C3C2-A2D0-4469-98FD-BA05314AD221}"
EndProject
Project("{FAE04EC0-301F-11D3-BF4B-00C04F79EFBC}") = "Eventshuffle.Application.UnitTests", "test\Application.UnitTests\Eventshuffle.Application.UnitTests.csproj", "{B86A4B0D-68D1-4A04-850B-DBC16107F2FA}"
EndProject
Project("{FAE04EC0-301F-11D3-BF4B-00C04F79EFBC}") = "Eventshuffle.Api.IntegrationTests", "test\Api.IntegrationTests\Eventshuffle.Api.IntegrationTests.csproj", "{711836C8-8EEF-47B5-8FA2-07DED3F7C5FB}"
EndProject
Global
	GlobalSection(SolutionConfigurationPlatforms) = preSolution
		Debug|Any CPU = Debug|Any CPU
		Debug|x64 = Debug|x64
		Debug|x86 = Debug|x86
		Release|Any CPU = Release|Any CPU
		Release|x64 = Release|x64
		Release|x86 = Release|x86
	EndGlobalSection
	GlobalSection(SolutionProperties) = preSolution
		HideSolutionNode = FALSE
	EndGlobalSection
	GlobalSection(ProjectConfigurationPlatforms) = postSolution
		{0269D2D8-6170-49E0-B3EF-7C5ECCCE58D9}.Debug|Any CPU.ActiveCfg = Debug|Any CPU
		{0269D2D8-6170-49E0-B3EF-7C5ECCCE58D9}.Debug|Any CPU.Build.0 = Debug|Any CPU
		{0269D2D8-6170-49E0-B3EF-7C5ECCCE58D9}.Debug|x64.ActiveCfg = Debug|Any CPU
		{0269D2D8-6170-49E0-B3EF-7C5ECCCE58D9}.Debug|x64.Build.0 = Debug|Any CPU
		{0269D2D8-6170-49E0-B3EF-7C5ECCCE58D9}.Debug|x86.ActiveCfg = Debug|Any CPU
		{0269D2D8-6170-49E0-B3EF-7C5ECCCE58D9}.Debug|x86.Build.0 = Debug|Any CPU
		{0269D2D8-6170-49E0-B3EF-7C5ECCCE58D9}.Release|Any CPU.ActiveCfg = Release|Any CPU
		{0269D2D8-6170-49E0-B3EF-7C5ECCCE58D9}.Release|Any CPU.Build.0 = Release|Any CPU
		{0269D2D8-6170-49E0-B3EF-7C5ECCCE58D9}.Release|x64.ActiveCfg = Release|Any CPU
		{0269D2D8-6170-49E0-B3EF-7C5ECCCE58D9}.Release|x64.Build.0 = Release|Any CPU
		{0269D2D8-6170-49E0-B3EF-7C5ECCCE58D9}.Release|x86.ActiveCfg = Release|Any CPU
		{0269D2D8-6170-49E0-B3EF-7C5ECCCE58D9}.Release|x86.Build.0 = Release|Any CPU
		{26521B5C-1472-4C5B-BCAE-864E1F10A28C}.Debug|Any CPU.ActiveCfg = Debug|Any CPU
		{26521B5C-1472-4C5B-BCAE-864E1F10A28C}.Debug|Any CPU.Build.0 = Debug|Any CPU
		{26521B5C-1472-4C5B-BCAE-864E1F10A28C}.Debug|x64.ActiveCfg = Debug|Any CPU
		{26521B5C-1472-4C5B-BCAE-864E1F10A28C}.Debug|x64.Build.0 = Debug|Any CPU
		{26521B5C-1472-4C5B-BCAE-864E1F10A28C}.Debug|x86.ActiveCfg = Debug|Any CPU
		{26521B5C-1472-4C5B-BCAE-864E1F10A28C}.Debug|x86.Build.0 = Debug|Any CPU
		{26521B5C-1472-4C5B-BCAE-864E1F10A28C}.Release|Any CPU.ActiveCfg = Release|Any CPU
		{26521B5C-1472-4C5B-BCAE-864E1F10A28C}.Release|Any CPU.Build.0 = Release|Any CPU
		{26521B5C-1472-4C5B-BCAE-864E1F10A28C}.Release|x64.ActiveCfg = Release|Any CPU
		{26521B5C-1472-4C5B-BCAE-864E1F10A28C}.Release|x64.Build.0 = Release|Any CPU
		{26521B5C-1472-4C5B-BCAE-864E1F10A28C}.Release|x86.ActiveCfg = Release|Any CPU
		{26521B5C-1472-4C5B-BCAE-864E1F10A28C}.Release|x86.Build.0 = Release|Any CPU
		{8AEA9411-4963-486D-9F15-9E0BF51F2E5C}.Debug|Any CPU.ActiveCfg = Debug|Any CPU
		{8AEA9411-4963-486D-9F15-9E0BF51F2E5C}.Debug|Any CPU.Build.0 = Debug|Any CPU
		{8AEA9411-4963-486D-9F15-9E0BF51F2E5C}.Debug|x64.ActiveCfg = Debug|Any CPU
		{8AEA9411-4963-486D-9F15-9E0BF51F2E5C}.Debug|x64.Build.0 = Debug|Any CPU
		{8AEA9411-4963-486D-9F15-9E0BF51F2E5C}.Debug|x86.ActiveCfg = Debug|Any CPU
		{8AEA9411-4963-486D-9F15-9E0BF51F2E5C}.Debug|x86.Build.0 = Debug|Any CPU
		{8AEA9411-4963-486D-9F15-9E0BF51F2E5C}.Release|Any CPU.ActiveCfg = Release|Any CPU
		{8AEA9411-4963-486D-9F15-9E0BF51F2E5C}.Release|Any CPU.Build.0 = Release|Any CPU
		{8AEA9411-4963-486D-9F15-9E0BF51F2E5C}.Release|x64.ActiveCfg = Release|Any CPU
		{8AEA9411-4963-486D-9F15-9E0BF51F2E5C}.Release|x64.Build.0 = Release|Any CPU
		{8AEA9411-4963-486D-9F15-9E0BF51F2E5C}.Release|x86.ActiveCfg = Release|Any CPU
		{8AEA9411-4963-486D-9F15-9E0BF51F2E5C}.Release|x86.Build.0 = Release|Any CPU
		{0F22C176-3061-4C68-AC13-56890233140D}.Debug|Any CPU.ActiveCfg = Debug|Any CPU
		{0F22C176-3061-4C68-AC13-56890233140D}.Debug|Any CPU.Build.0 = Debug|Any CPU
		{0F22C176-3061-4C68-AC13-56890233140D}.Debug|x64.ActiveCfg = Debug|Any CPU
		{0F22C176-3061-4C68-AC13-56890233140D}.Debug|x64.Build.0 = Debug|Any CPU
		{0F22C176-3061-4C68-AC13-56890233140D}.Debug|x86.ActiveCfg = Debug|Any CPU
		{0F22C176-3061-4C68-AC13-56890233140D}.Debug|x86.Build.0 = Debug|Any CPU
		{0F22C176-3061-4C68-AC13-56890233140D}.Release|Any CPU.ActiveCfg = Release|Any CPU
		{0F22C176-3061-4C68-AC13-56890233140D}.Release|Any CPU.Build.0 = Release|Any CPU
		{0F22C176-3061-4C68-AC13-56890233140D}.Release|x64.ActiveCfg = Release|Any CPU
		{0F22C176-3061-4C68-AC13-56890233140D}.Release|x64.Build.0 = Release|Any CPU
		{0F22C176-3061-4C68-AC13-56890233140D}.Release|x86.ActiveCfg = Release|Any CPU
		{0F22C176-3061-4C68-AC13-56890233140D}.Release|x86.Build.0 = Release|Any CPU
		{1C50ACDF-BD41-4F6D-87FC-F8BD5BA708B5}.Debug|Any CPU.ActiveCfg = Debug|Any CPU
		{1C50ACDF-BD41-4F6D-87FC-F8BD5BA708B5}.Debug|Any CPU.Build.0 = Debug|Any CPU
		{1C50ACDF-BD41-4F6D-87FC-F8BD5BA708B5}.Debug|x64.ActiveCfg = Debug|Any CPU
		{1C50ACDF-BD41-4F6D-87FC-F8BD5BA708B5}.Debug|x64.Build.0 = Debug|Any CPU
		{1C50ACDF-BD41-4F6D-87FC-F8BD5BA708B5}.Debug|x86.ActiveCfg = Debug|Any CPU
		{1C50ACDF-BD41-4F6D-87FC-F8BD5BA708B5}.Debug|x86.Build.0 = Debug|Any CPU
		{1C50ACDF-BD41-4F6D-87FC-F8BD5BA708B5}.Release|Any CPU.ActiveCfg = Release|Any CPU
		{1C50ACDF-BD41-4F6D-87FC-F8BD5BA708B5}.Release|Any CPU.Build.0 = Release|Any CPU
		{1C50ACDF-BD41-4F6D-87FC-F8BD5BA708B5}.Release|x64.ActiveCfg = Release|Any CPU
		{1C50ACDF-BD41-4F6D-87FC-F8BD5BA708B5}.Release|x64.Build.0 = Release|Any CPU
		{1C50ACDF-BD41-4F6D-87FC-F8BD5BA708B5}.Release|x86.ActiveCfg = Release|Any CPU
		{1C50ACDF-BD41-4F6D-87FC-F8BD5BA708B5}.Release|x86.Build.0 = Release|Any CPU
		{B86A4B0D-68D1-4A04-850B-DBC16107F2FA}.Debug|Any CPU.ActiveCfg = Debug|Any CPU
		{B86A4B0D-68D1-4A04-850B-DBC16107F2FA}.Debug|Any CPU.Build.0 = Debug|Any CPU
		{B86A4B0D-68D1-4A04-850B-DBC16107F2FA}.Debug|x64.ActiveCfg = Debug|Any CPU
		{B86A4B0D-68D1-4A04-850B-DBC16107F2FA}.Debug|x64.Build.0 = Debug|Any CPU
		{B86A4B0D-68D1-4A04-850B-DBC16107F2FA}.Debug|x86.ActiveCfg = Debug|Any CPU
		{B86A4B0D-68D1-4A04-850B-DBC16107F2FA}.Debug|x86.Build.0 = Debug|Any CPU
		{B86A4B0D-68D1-4A04-850B-DBC16107F2FA}.Release|Any CPU.ActiveCfg = Release|Any CPU
		{B86A4B0D-68D1-4A04-850B-DBC16107F2FA}.Release|Any CPU.Build.0 = Release|Any CPU
		{B86A4B0D-68D1-4A04-850B-DBC16107F2FA}.Release|x64.ActiveCfg = Release|Any CPU
		{B86A4B0D-68D1-4A04-850B-DBC16107F2FA}.Release|x64.Build.0 = Release|Any CPU
		{B86A4B0D-68D1-4A04-850B-DBC16107F2FA}.Release|x86.ActiveCfg = Release|Any CPU
		{B86A4B0D-68D1-4A04-850B-DBC16107F2FA}.Release|x86.Build.0 = Release|Any CPU
		{711836C8-8EEF-47B5-8FA2-07DED3F7C5FB}.Debug|Any CPU.ActiveCfg = Debug|Any CPU
		{711836C8-8EEF-47B5-8FA2-07DED3F7C5FB}.Debug|Any CPU.Build.0 = Debug|Any CPU
		{711836C8-8EEF-47B5-8FA2-07DED3F7C5FB}.Debug|x64.ActiveCfg = Debug|Any CPU
		{711836C8-8EEF-47B5-8FA2-07DED3F7C5FB}.Debug|x64.Build.0 = Debug|Any CPU
		{711836C8-8EEF-47B5-8FA2-07DED3F7C5FB}.Debug|x86.ActiveCfg = Debug|Any CPU
		{711836C8-8EEF-47B5-8FA2-07DED3F7C5FB}.Debug|x86.Build.0 = Debug|Any CPU
		{711836C8-8EEF-47B5-8FA2-07DED3F7C5FB}.Release|Any CPU.ActiveCfg = Release|Any CPU
		{711836C8-8EEF-47B5-8FA2-07DED3F7C5FB}.Release|Any CPU.Build.0 = Release|Any CPU
		{711836C8-8EEF-47B5-8FA2-07DED3F7C5FB}.Release|x64.ActiveCfg = Release|Any CPU
		{711836C8-8EEF-47B5-8FA2-07DED3F7C5FB}.Release|x64.Build.0 = Release|Any CPU
		{711836C8-8EEF-47B5-8FA2-07DED3F7C5FB}.Release|x86.ActiveCfg = Release|Any CPU
		{711836C8-8EEF-47B5-8FA2-07DED3F7C5FB}.Release|x86.Build.0 = Release|Any CPU
	EndGlobalSection
	GlobalSection(NestedProjects) = preSolution
		{0269D2D8-6170-49E0-B3EF-7C5ECCCE58D9} = {3ED62847-FA05-4B3B-BB1D-A592BE4AC0F6}
		{26521B5C-1472-4C5B-BCAE-864E1F10A28C} = {3ED62847-FA05-4B3B-BB1D-A592BE4AC0F6}
		{8AEA9411-4963-486D-9F15-9E0BF51F2E5C} = {3ED62847-FA05-4B3B-BB1D-A592BE4AC0F6}
		{0F22C176-3061-4C68-AC13-56890233140D} = {3ED62847-FA05-4B3B-BB1D-A592BE4AC0F6}
		{1C50ACDF-BD41-4F6D-87FC-F8BD5BA708B5} = {19A9C3C2-A2D0-4469-98FD-BA05314AD221}
		{B86A4B0D-68D1-4A04-850B-DBC16107F2FA} = {19A9C3C2-A2D0-4469-98FD-BA05314AD221}
		{711836C8-8EEF-47B5-8FA2-07DED3F7C5FB} = {19A9C3C2-A2D0-4469-98FD-BA05314AD221}
	EndGlobalSection
EndGlobal
